// !$*UTF8*$!
{
	archiveVersion = 1;
	classes = {
	};
	objectVersion = 55;
	objects = {

/* Begin PBXBuildFile section */
		3C13AAD92BE4739D00E94766 /* Tests_iOS.swift in Sources */ = {isa = PBXBuildFile; fileRef = 3C13AAD82BE4739D00E94766 /* Tests_iOS.swift */; };
		3C13AADB2BE4739D00E94766 /* Tests_iOSLaunchTests.swift in Sources */ = {isa = PBXBuildFile; fileRef = 3C13AADA2BE4739D00E94766 /* Tests_iOSLaunchTests.swift */; };
		3C13AAE52BE4739D00E94766 /* Tests_macOS.swift in Sources */ = {isa = PBXBuildFile; fileRef = 3C13AAE42BE4739D00E94766 /* Tests_macOS.swift */; };
		3C13AAE72BE4739D00E94766 /* Tests_macOSLaunchTests.swift in Sources */ = {isa = PBXBuildFile; fileRef = 3C13AAE62BE4739D00E94766 /* Tests_macOSLaunchTests.swift */; };
		3C13AAE82BE4739D00E94766 /* FinalApp.swift in Sources */ = {isa = PBXBuildFile; fileRef = 3C13AAC02BE4739B00E94766 /* FinalApp.swift */; };
		3C13AAE92BE4739D00E94766 /* FinalApp.swift in Sources */ = {isa = PBXBuildFile; fileRef = 3C13AAC02BE4739B00E94766 /* FinalApp.swift */; };
		3C13AAEA2BE4739D00E94766 /* ContentView.swift in Sources */ = {isa = PBXBuildFile; fileRef = 3C13AAC12BE4739B00E94766 /* ContentView.swift */; };
		3C13AAEB2BE4739D00E94766 /* ContentView.swift in Sources */ = {isa = PBXBuildFile; fileRef = 3C13AAC12BE4739B00E94766 /* ContentView.swift */; };
		3C13AAEC2BE4739D00E94766 /* Assets.xcassets in Resources */ = {isa = PBXBuildFile; fileRef = 3C13AAC22BE4739D00E94766 /* Assets.xcassets */; };
		3C13AAED2BE4739D00E94766 /* Assets.xcassets in Resources */ = {isa = PBXBuildFile; fileRef = 3C13AAC22BE4739D00E94766 /* Assets.xcassets */; };
		3C13AAFD2BE4747400E94766 /* ViewController.swift in Sources */ = {isa = PBXBuildFile; fileRef = 3C13AAFC2BE4747400E94766 /* ViewController.swift */; };
		3C13AAFE2BE4747400E94766 /* ViewController.swift in Sources */ = {isa = PBXBuildFile; fileRef = 3C13AAFC2BE4747400E94766 /* ViewController.swift */; };
/* End PBXBuildFile section */

/* Begin PBXContainerItemProxy section */
		3C13AAD52BE4739D00E94766 /* PBXContainerItemProxy */ = {
			isa = PBXContainerItemProxy;
			containerPortal = 3C13AABB2BE4739B00E94766 /* Project object */;
			proxyType = 1;
			remoteGlobalIDString = 3C13AAC62BE4739D00E94766;
			remoteInfo = "Final (iOS)";
		};
		3C13AAE12BE4739D00E94766 /* PBXContainerItemProxy */ = {
			isa = PBXContainerItemProxy;
			containerPortal = 3C13AABB2BE4739B00E94766 /* Project object */;
			proxyType = 1;
			remoteGlobalIDString = 3C13AACC2BE4739D00E94766;
			remoteInfo = "Final (macOS)";
		};
/* End PBXContainerItemProxy section */

/* Begin PBXFileReference section */
		3C13AAC02BE4739B00E94766 /* FinalApp.swift */ = {isa = PBXFileReference; lastKnownFileType = sourcecode.swift; path = FinalApp.swift; sourceTree = "<group>"; };
		3C13AAC12BE4739B00E94766 /* ContentView.swift */ = {isa = PBXFileReference; lastKnownFileType = sourcecode.swift; path = ContentView.swift; sourceTree = "<group>"; };
		3C13AAC22BE4739D00E94766 /* Assets.xcassets */ = {isa = PBXFileReference; lastKnownFileType = folder.assetcatalog; path = Assets.xcassets; sourceTree = "<group>"; };
		3C13AAC72BE4739D00E94766 /* Final.app */ = {isa = PBXFileReference; explicitFileType = wrapper.application; includeInIndex = 0; path = Final.app; sourceTree = BUILT_PRODUCTS_DIR; };
		3C13AACD2BE4739D00E94766 /* Final.app */ = {isa = PBXFileReference; explicitFileType = wrapper.application; includeInIndex = 0; path = Final.app; sourceTree = BUILT_PRODUCTS_DIR; };
		3C13AACF2BE4739D00E94766 /* macOS.entitlements */ = {isa = PBXFileReference; lastKnownFileType = text.plist.entitlements; path = macOS.entitlements; sourceTree = "<group>"; };
		3C13AAD42BE4739D00E94766 /* Tests iOS.xctest */ = {isa = PBXFileReference; explicitFileType = wrapper.cfbundle; includeInIndex = 0; path = "Tests iOS.xctest"; sourceTree = BUILT_PRODUCTS_DIR; };
		3C13AAD82BE4739D00E94766 /* Tests_iOS.swift */ = {isa = PBXFileReference; lastKnownFileType = sourcecode.swift; path = Tests_iOS.swift; sourceTree = "<group>"; };
		3C13AADA2BE4739D00E94766 /* Tests_iOSLaunchTests.swift */ = {isa = PBXFileReference; lastKnownFileType = sourcecode.swift; path = Tests_iOSLaunchTests.swift; sourceTree = "<group>"; };
		3C13AAE02BE4739D00E94766 /* Tests macOS.xctest */ = {isa = PBXFileReference; explicitFileType = wrapper.cfbundle; includeInIndex = 0; path = "Tests macOS.xctest"; sourceTree = BUILT_PRODUCTS_DIR; };
		3C13AAE42BE4739D00E94766 /* Tests_macOS.swift */ = {isa = PBXFileReference; lastKnownFileType = sourcecode.swift; path = Tests_macOS.swift; sourceTree = "<group>"; };
		3C13AAE62BE4739D00E94766 /* Tests_macOSLaunchTests.swift */ = {isa = PBXFileReference; lastKnownFileType = sourcecode.swift; path = Tests_macOSLaunchTests.swift; sourceTree = "<group>"; };
		3C13AAFC2BE4747400E94766 /* ViewController.swift */ = {isa = PBXFileReference; lastKnownFileType = sourcecode.swift; path = ViewController.swift; sourceTree = "<group>"; };
/* End PBXFileReference section */

/* Begin PBXFrameworksBuildPhase section */
		3C13AAC42BE4739D00E94766 /* Frameworks */ = {
			isa = PBXFrameworksBuildPhase;
			buildActionMask = 2147483647;
			files = (
			);
			runOnlyForDeploymentPostprocessing = 0;
		};
		3C13AACA2BE4739D00E94766 /* Frameworks */ = {
			isa = PBXFrameworksBuildPhase;
			buildActionMask = 2147483647;
			files = (
			);
			runOnlyForDeploymentPostprocessing = 0;
		};
		3C13AAD12BE4739D00E94766 /* Frameworks */ = {
			isa = PBXFrameworksBuildPhase;
			buildActionMask = 2147483647;
			files = (
			);
			runOnlyForDeploymentPostprocessing = 0;
		};
		3C13AADD2BE4739D00E94766 /* Frameworks */ = {
			isa = PBXFrameworksBuildPhase;
			buildActionMask = 2147483647;
			files = (
			);
			runOnlyForDeploymentPostprocessing = 0;
		};
/* End PBXFrameworksBuildPhase section */

/* Begin PBXGroup section */
		3C13AABA2BE4739B00E94766 = {
			isa = PBXGroup;
			children = (
				3C13AABF2BE4739B00E94766 /* Shared */,
				3C13AACE2BE4739D00E94766 /* macOS */,
				3C13AAD72BE4739D00E94766 /* Tests iOS */,
				3C13AAE32BE4739D00E94766 /* Tests macOS */,
				3C13AAC82BE4739D00E94766 /* Products */,
			);
			sourceTree = "<group>";
		};
		3C13AABF2BE4739B00E94766 /* Shared */ = {
			isa = PBXGroup;
			children = (
				3C13AAC02BE4739B00E94766 /* FinalApp.swift */,
				3C13AAC12BE4739B00E94766 /* ContentView.swift */,
				3C13AAFC2BE4747400E94766 /* ViewController.swift */,
				3C13AAC22BE4739D00E94766 /* Assets.xcassets */,
			);
			path = Shared;
			sourceTree = "<group>";
		};
		3C13AAC82BE4739D00E94766 /* Products */ = {
			isa = PBXGroup;
			children = (
				3C13AAC72BE4739D00E94766 /* Final.app */,
				3C13AACD2BE4739D00E94766 /* Final.app */,
				3C13AAD42BE4739D00E94766 /* Tests iOS.xctest */,
				3C13AAE02BE4739D00E94766 /* Tests macOS.xctest */,
			);
			name = Products;
			sourceTree = "<group>";
		};
		3C13AACE2BE4739D00E94766 /* macOS */ = {
			isa = PBXGroup;
			children = (
				3C13AACF2BE4739D00E94766 /* macOS.entitlements */,
			);
			path = macOS;
			sourceTree = "<group>";
		};
		3C13AAD72BE4739D00E94766 /* Tests iOS */ = {
			isa = PBXGroup;
			children = (
				3C13AAD82BE4739D00E94766 /* Tests_iOS.swift */,
				3C13AADA2BE4739D00E94766 /* Tests_iOSLaunchTests.swift */,
			);
			path = "Tests iOS";
			sourceTree = "<group>";
		};
		3C13AAE32BE4739D00E94766 /* Tests macOS */ = {
			isa = PBXGroup;
			children = (
				3C13AAE42BE4739D00E94766 /* Tests_macOS.swift */,
				3C13AAE62BE4739D00E94766 /* Tests_macOSLaunchTests.swift */,
			);
			path = "Tests macOS";
			sourceTree = "<group>";
		};
/* End PBXGroup section */

/* Begin PBXNativeTarget section */
		3C13AAC62BE4739D00E94766 /* Final (iOS) */ = {
			isa = PBXNativeTarget;
			buildConfigurationList = 3C13AAF02BE4739D00E94766 /* Build configuration list for PBXNativeTarget "Final (iOS)" */;
			buildPhases = (
				3C13AAC32BE4739D00E94766 /* Sources */,
				3C13AAC42BE4739D00E94766 /* Frameworks */,
				3C13AAC52BE4739D00E94766 /* Resources */,
			);
			buildRules = (
			);
			dependencies = (
			);
			name = "Final (iOS)";
			productName = "Final (iOS)";
			productReference = 3C13AAC72BE4739D00E94766 /* Final.app */;
			productType = "com.apple.product-type.application";
		};
		3C13AACC2BE4739D00E94766 /* Final (macOS) */ = {
			isa = PBXNativeTarget;
			buildConfigurationList = 3C13AAF32BE4739D00E94766 /* Build configuration list for PBXNativeTarget "Final (macOS)" */;
			buildPhases = (
				3C13AAC92BE4739D00E94766 /* Sources */,
				3C13AACA2BE4739D00E94766 /* Frameworks */,
				3C13AACB2BE4739D00E94766 /* Resources */,
			);
			buildRules = (
			);
			dependencies = (
			);
			name = "Final (macOS)";
			productName = "Final (macOS)";
			productReference = 3C13AACD2BE4739D00E94766 /* Final.app */;
			productType = "com.apple.product-type.application";
		};
		3C13AAD32BE4739D00E94766 /* Tests iOS */ = {
			isa = PBXNativeTarget;
			buildConfigurationList = 3C13AAF62BE4739D00E94766 /* Build configuration list for PBXNativeTarget "Tests iOS" */;
			buildPhases = (
				3C13AAD02BE4739D00E94766 /* Sources */,
				3C13AAD12BE4739D00E94766 /* Frameworks */,
				3C13AAD22BE4739D00E94766 /* Resources */,
			);
			buildRules = (
			);
			dependencies = (
				3C13AAD62BE4739D00E94766 /* PBXTargetDependency */,
			);
			name = "Tests iOS";
			productName = "Tests iOS";
			productReference = 3C13AAD42BE4739D00E94766 /* Tests iOS.xctest */;
			productType = "com.apple.product-type.bundle.ui-testing";
		};
		3C13AADF2BE4739D00E94766 /* Tests macOS */ = {
			isa = PBXNativeTarget;
			buildConfigurationList = 3C13AAF92BE4739D00E94766 /* Build configuration list for PBXNativeTarget "Tests macOS" */;
			buildPhases = (
				3C13AADC2BE4739D00E94766 /* Sources */,
				3C13AADD2BE4739D00E94766 /* Frameworks */,
				3C13AADE2BE4739D00E94766 /* Resources */,
			);
			buildRules = (
			);
			dependencies = (
				3C13AAE22BE4739D00E94766 /* PBXTargetDependency */,
			);
			name = "Tests macOS";
			productName = "Tests macOS";
			productReference = 3C13AAE02BE4739D00E94766 /* Tests macOS.xctest */;
			productType = "com.apple.product-type.bundle.ui-testing";
		};
/* End PBXNativeTarget section */

/* Begin PBXProject section */
		3C13AABB2BE4739B00E94766 /* Project object */ = {
			isa = PBXProject;
			attributes = {
				BuildIndependentTargetsInParallel = 1;
				LastSwiftUpdateCheck = 1320;
				LastUpgradeCheck = 1320;
				TargetAttributes = {
					3C13AAC62BE4739D00E94766 = {
						CreatedOnToolsVersion = 13.2.1;
					};
					3C13AACC2BE4739D00E94766 = {
						CreatedOnToolsVersion = 13.2.1;
					};
					3C13AAD32BE4739D00E94766 = {
						CreatedOnToolsVersion = 13.2.1;
						TestTargetID = 3C13AAC62BE4739D00E94766;
					};
					3C13AADF2BE4739D00E94766 = {
						CreatedOnToolsVersion = 13.2.1;
						TestTargetID = 3C13AACC2BE4739D00E94766;
					};
				};
			};
			buildConfigurationList = 3C13AABE2BE4739B00E94766 /* Build configuration list for PBXProject "Final" */;
			compatibilityVersion = "Xcode 13.0";
			developmentRegion = en;
			hasScannedForEncodings = 0;
			knownRegions = (
				en,
				Base,
			);
			mainGroup = 3C13AABA2BE4739B00E94766;
			productRefGroup = 3C13AAC82BE4739D00E94766 /* Products */;
			projectDirPath = "";
			projectRoot = "";
			targets = (
				3C13AAC62BE4739D00E94766 /* Final (iOS) */,
				3C13AACC2BE4739D00E94766 /* Final (macOS) */,
				3C13AAD32BE4739D00E94766 /* Tests iOS */,
				3C13AADF2BE4739D00E94766 /* Tests macOS */,
			);
		};
/* End PBXProject section */

/* Begin PBXResourcesBuildPhase section */
		3C13AAC52BE4739D00E94766 /* Resources */ = {
			isa = PBXResourcesBuildPhase;
			buildActionMask = 2147483647;
			files = (
				3C13AAEC2BE4739D00E94766 /* Assets.xcassets in Resources */,
			);
			runOnlyForDeploymentPostprocessing = 0;
		};
		3C13AACB2BE4739D00E94766 /* Resources */ = {
			isa = PBXResourcesBuildPhase;
			buildActionMask = 2147483647;
			files = (
				3C13AAED2BE4739D00E94766 /* Assets.xcassets in Resources */,
			);
			runOnlyForDeploymentPostprocessing = 0;
		};
		3C13AAD22BE4739D00E94766 /* Resources */ = {
			isa = PBXResourcesBuildPhase;
			buildActionMask = 2147483647;
			files = (
			);
			runOnlyForDeploymentPostprocessing = 0;
		};
		3C13AADE2BE4739D00E94766 /* Resources */ = {
			isa = PBXResourcesBuildPhase;
			buildActionMask = 2147483647;
			files = (
			);
			runOnlyForDeploymentPostprocessing = 0;
		};
/* End PBXResourcesBuildPhase section */

/* Begin PBXSourcesBuildPhase section */
		3C13AAC32BE4739D00E94766 /* Sources */ = {
			isa = PBXSourcesBuildPhase;
			buildActionMask = 2147483647;
			files = (
				3C13AAFD2BE4747400E94766 /* ViewController.swift in Sources */,
				3C13AAEA2BE4739D00E94766 /* ContentView.swift in Sources */,
				3C13AAE82BE4739D00E94766 /* FinalApp.swift in Sources */,
			);
			runOnlyForDeploymentPostprocessing = 0;
		};
		3C13AAC92BE4739D00E94766 /* Sources */ = {
			isa = PBXSourcesBuildPhase;
			buildActionMask = 2147483647;
			files = (
				3C13AAFE2BE4747400E94766 /* ViewController.swift in Sources */,
				3C13AAEB2BE4739D00E94766 /* ContentView.swift in Sources */,
				3C13AAE92BE4739D00E94766 /* FinalApp.swift in Sources */,
			);
			runOnlyForDeploymentPostprocessing = 0;
		};
		3C13AAD02BE4739D00E94766 /* Sources */ = {
			isa = PBXSourcesBuildPhase;
			buildActionMask = 2147483647;
			files = (
				3C13AADB2BE4739D00E94766 /* Tests_iOSLaunchTests.swift in Sources */,
				3C13AAD92BE4739D00E94766 /* Tests_iOS.swift in Sources */,
			);
			runOnlyForDeploymentPostprocessing = 0;
		};
		3C13AADC2BE4739D00E94766 /* Sources */ = {
			isa = PBXSourcesBuildPhase;
			buildActionMask = 2147483647;
			files = (
				3C13AAE72BE4739D00E94766 /* Tests_macOSLaunchTests.swift in Sources */,
				3C13AAE52BE4739D00E94766 /* Tests_macOS.swift in Sources */,
			);
			runOnlyForDeploymentPostprocessing = 0;
		};
/* End PBXSourcesBuildPhase section */

/* Begin PBXTargetDependency section */
		3C13AAD62BE4739D00E94766 /* PBXTargetDependency */ = {
			isa = PBXTargetDependency;
			target = 3C13AAC62BE4739D00E94766 /* Final (iOS) */;
			targetProxy = 3C13AAD52BE4739D00E94766 /* PBXContainerItemProxy */;
		};
		3C13AAE22BE4739D00E94766 /* PBXTargetDependency */ = {
			isa = PBXTargetDependency;
			target = 3C13AACC2BE4739D00E94766 /* Final (macOS) */;
			targetProxy = 3C13AAE12BE4739D00E94766 /* PBXContainerItemProxy */;
		};
/* End PBXTargetDependency section */

/* Begin XCBuildConfiguration section */
		3C13AAEE2BE4739D00E94766 /* Debug */ = {
			isa = XCBuildConfiguration;
			buildSettings = {
				ALWAYS_SEARCH_USER_PATHS = NO;
				CLANG_ANALYZER_NONNULL = YES;
				CLANG_ANALYZER_NUMBER_OBJECT_CONVERSION = YES_AGGRESSIVE;
				CLANG_CXX_LANGUAGE_STANDARD = "gnu++17";
				CLANG_CXX_LIBRARY = "libc++";
				CLANG_ENABLE_MODULES = YES;
				CLANG_ENABLE_OBJC_ARC = YES;
				CLANG_ENABLE_OBJC_WEAK = YES;
				CLANG_WARN_BLOCK_CAPTURE_AUTORELEASING = YES;
				CLANG_WARN_BOOL_CONVERSION = YES;
				CLANG_WARN_COMMA = YES;
				CLANG_WARN_CONSTANT_CONVERSION = YES;
				CLANG_WARN_DEPRECATED_OBJC_IMPLEMENTATIONS = YES;
				CLANG_WARN_DIRECT_OBJC_ISA_USAGE = YES_ERROR;
				CLANG_WARN_DOCUMENTATION_COMMENTS = YES;
				CLANG_WARN_EMPTY_BODY = YES;
				CLANG_WARN_ENUM_CONVERSION = YES;
				CLANG_WARN_INFINITE_RECURSION = YES;
				CLANG_WARN_INT_CONVERSION = YES;
				CLANG_WARN_NON_LITERAL_NULL_CONVERSION = YES;
				CLANG_WARN_OBJC_IMPLICIT_RETAIN_SELF = YES;
				CLANG_WARN_OBJC_LITERAL_CONVERSION = YES;
				CLANG_WARN_OBJC_ROOT_CLASS = YES_ERROR;
				CLANG_WARN_QUOTED_INCLUDE_IN_FRAMEWORK_HEADER = YES;
				CLANG_WARN_RANGE_LOOP_ANALYSIS = YES;
				CLANG_WARN_STRICT_PROTOTYPES = YES;
				CLANG_WARN_SUSPICIOUS_MOVE = YES;
				CLANG_WARN_UNGUARDED_AVAILABILITY = YES_AGGRESSIVE;
				CLANG_WARN_UNREACHABLE_CODE = YES;
				CLANG_WARN__DUPLICATE_METHOD_MATCH = YES;
				COPY_PHASE_STRIP = NO;
				DEBUG_INFORMATION_FORMAT = dwarf;
				ENABLE_STRICT_OBJC_MSGSEND = YES;
				ENABLE_TESTABILITY = YES;
				GCC_C_LANGUAGE_STANDARD = gnu11;
				GCC_DYNAMIC_NO_PIC = NO;
				GCC_NO_COMMON_BLOCKS = YES;
				GCC_OPTIMIZATION_LEVEL = 0;
				GCC_PREPROCESSOR_DEFINITIONS = (
					"DEBUG=1",
					"$(inherited)",
				);
				GCC_WARN_64_TO_32_BIT_CONVERSION = YES;
				GCC_WARN_ABOUT_RETURN_TYPE = YES_ERROR;
				GCC_WARN_UNDECLARED_SELECTOR = YES;
				GCC_WARN_UNINITIALIZED_AUTOS = YES_AGGRESSIVE;
				GCC_WARN_UNUSED_FUNCTION = YES;
				GCC_WARN_UNUSED_VARIABLE = YES;
				MTL_ENABLE_DEBUG_INFO = INCLUDE_SOURCE;
				MTL_FAST_MATH = YES;
				ONLY_ACTIVE_ARCH = YES;
				SWIFT_ACTIVE_COMPILATION_CONDITIONS = DEBUG;
				SWIFT_OPTIMIZATION_LEVEL = "-Onone";
			};
			name = Debug;
		};
		3C13AAEF2BE4739D00E94766 /* Release */ = {
			isa = XCBuildConfiguration;
			buildSettings = {
				ALWAYS_SEARCH_USER_PATHS = NO;
				CLANG_ANALYZER_NONNULL = YES;
				CLANG_ANALYZER_NUMBER_OBJECT_CONVERSION = YES_AGGRESSIVE;
				CLANG_CXX_LANGUAGE_STANDARD = "gnu++17";
				CLANG_CXX_LIBRARY = "libc++";
				CLANG_ENABLE_MODULES = YES;
				CLANG_ENABLE_OBJC_ARC = YES;
				CLANG_ENABLE_OBJC_WEAK = YES;
				CLANG_WARN_BLOCK_CAPTURE_AUTORELEASING = YES;
				CLANG_WARN_BOOL_CONVERSION = YES;
				CLANG_WARN_COMMA = YES;
				CLANG_WARN_CONSTANT_CONVERSION = YES;
				CLANG_WARN_DEPRECATED_OBJC_IMPLEMENTATIONS = YES;
				CLANG_WARN_DIRECT_OBJC_ISA_USAGE = YES_ERROR;
				CLANG_WARN_DOCUMENTATION_COMMENTS = YES;
				CLANG_WARN_EMPTY_BODY = YES;
				CLANG_WARN_ENUM_CONVERSION = YES;
				CLANG_WARN_INFINITE_RECURSION = YES;
				CLANG_WARN_INT_CONVERSION = YES;
				CLANG_WARN_NON_LITERAL_NULL_CONVERSION = YES;
				CLANG_WARN_OBJC_IMPLICIT_RETAIN_SELF = YES;
				CLANG_WARN_OBJC_LITERAL_CONVERSION = YES;
				CLANG_WARN_OBJC_ROOT_CLASS = YES_ERROR;
				CLANG_WARN_QUOTED_INCLUDE_IN_FRAMEWORK_HEADER = YES;
				CLANG_WARN_RANGE_LOOP_ANALYSIS = YES;
				CLANG_WARN_STRICT_PROTOTYPES = YES;
				CLANG_WARN_SUSPICIOUS_MOVE = YES;
				CLANG_WARN_UNGUARDED_AVAILABILITY = YES_AGGRESSIVE;
				CLANG_WARN_UNREACHABLE_CODE = YES;
				CLANG_WARN__DUPLICATE_METHOD_MATCH = YES;
				COPY_PHASE_STRIP = NO;
				DEBUG_INFORMATION_FORMAT = "dwarf-with-dsym";
				ENABLE_NS_ASSERTIONS = NO;
				ENABLE_STRICT_OBJC_MSGSEND = YES;
				GCC_C_LANGUAGE_STANDARD = gnu11;
				GCC_NO_COMMON_BLOCKS = YES;
				GCC_WARN_64_TO_32_BIT_CONVERSION = YES;
				GCC_WARN_ABOUT_RETURN_TYPE = YES_ERROR;
				GCC_WARN_UNDECLARED_SELECTOR = YES;
				GCC_WARN_UNINITIALIZED_AUTOS = YES_AGGRESSIVE;
				GCC_WARN_UNUSED_FUNCTION = YES;
				GCC_WARN_UNUSED_VARIABLE = YES;
				MTL_ENABLE_DEBUG_INFO = NO;
				MTL_FAST_MATH = YES;
				SWIFT_COMPILATION_MODE = wholemodule;
				SWIFT_OPTIMIZATION_LEVEL = "-O";
			};
			name = Release;
		};
		3C13AAF12BE4739D00E94766 /* Debug */ = {
			isa = XCBuildConfiguration;
			buildSettings = {
				ASSETCATALOG_COMPILER_APPICON_NAME = AppIcon;
				ASSETCATALOG_COMPILER_GLOBAL_ACCENT_COLOR_NAME = AccentColor;
				CODE_SIGN_STYLE = Automatic;
				CURRENT_PROJECT_VERSION = 1;
				DEVELOPMENT_TEAM = GYTCD8X4AU;
				ENABLE_PREVIEWS = YES;
				GENERATE_INFOPLIST_FILE = YES;
				INFOPLIST_KEY_UIApplicationSceneManifest_Generation = YES;
				INFOPLIST_KEY_UIApplicationSupportsIndirectInputEvents = YES;
				INFOPLIST_KEY_UILaunchScreen_Generation = YES;
				INFOPLIST_KEY_UISupportedInterfaceOrientations_iPad = "UIInterfaceOrientationPortrait UIInterfaceOrientationPortraitUpsideDown UIInterfaceOrientationLandscapeLeft UIInterfaceOrientationLandscapeRight";
				INFOPLIST_KEY_UISupportedInterfaceOrientations_iPhone = "UIInterfaceOrientationPortrait UIInterfaceOrientationLandscapeLeft UIInterfaceOrientationLandscapeRight";
				IPHONEOS_DEPLOYMENT_TARGET = 15.2;
				LD_RUNPATH_SEARCH_PATHS = (
					"$(inherited)",
					"@executable_path/Frameworks",
				);
				MARKETING_VERSION = 1.0;
				PRODUCT_BUNDLE_IDENTIFIER = asda.Final;
				PRODUCT_NAME = Final;
				SDKROOT = iphoneos;
				SWIFT_EMIT_LOC_STRINGS = YES;
				SWIFT_VERSION = 5.0;
				TARGETED_DEVICE_FAMILY = "1,2";
			};
			name = Debug;
		};
		3C13AAF22BE4739D00E94766 /* Release */ = {
			isa = XCBuildConfiguration;
			buildSettings = {
				ASSETCATALOG_COMPILER_APPICON_NAME = AppIcon;
				ASSETCATALOG_COMPILER_GLOBAL_ACCENT_COLOR_NAME = AccentColor;
				CODE_SIGN_STYLE = Automatic;
				CURRENT_PROJECT_VERSION = 1;
				DEVELOPMENT_TEAM = GYTCD8X4AU;
				ENABLE_PREVIEWS = YES;
				GENERATE_INFOPLIST_FILE = YES;
				INFOPLIST_KEY_UIApplicationSceneManifest_Generation = YES;
				INFOPLIST_KEY_UIApplicationSupportsIndirectInputEvents = YES;
				INFOPLIST_KEY_UILaunchScreen_Generation = YES;
				INFOPLIST_KEY_UISupportedInterfaceOrientations_iPad = "UIInterfaceOrientationPortrait UIInterfaceOrientationPortraitUpsideDown UIInterfaceOrientationLandscapeLeft UIInterfaceOrientationLandscapeRight";
				INFOPLIST_KEY_UISupportedInterfaceOrientations_iPhone = "UIInterfaceOrientationPortrait UIInterfaceOrientationLandscapeLeft UIInterfaceOrientationLandscapeRight";
				IPHONEOS_DEPLOYMENT_TARGET = 15.2;
				LD_RUNPATH_SEARCH_PATHS = (
					"$(inherited)",
					"@executable_path/Frameworks",
				);
				MARKETING_VERSION = 1.0;
				PRODUCT_BUNDLE_IDENTIFIER = asda.Final;
				PRODUCT_NAME = Final;
				SDKROOT = iphoneos;
				SWIFT_EMIT_LOC_STRINGS = YES;
				SWIFT_VERSION = 5.0;
				TARGETED_DEVICE_FAMILY = "1,2";
				VALIDATE_PRODUCT = YES;
			};
			name = Release;
		};
		3C13AAF42BE4739D00E94766 /* Debug */ = {
			isa = XCBuildConfiguration;
			buildSettings = {
				ASSETCATALOG_COMPILER_APPICON_NAME = AppIcon;
				ASSETCATALOG_COMPILER_GLOBAL_ACCENT_COLOR_NAME = AccentColor;
				CODE_SIGN_ENTITLEMENTS = macOS/macOS.entitlements;
				CODE_SIGN_STYLE = Automatic;
				COMBINE_HIDPI_IMAGES = YES;
				CURRENT_PROJECT_VERSION = 1;
				DEVELOPMENT_TEAM = GYTCD8X4AU;
				ENABLE_HARDENED_RUNTIME = YES;
				ENABLE_PREVIEWS = YES;
				GENERATE_INFOPLIST_FILE = YES;
				INFOPLIST_KEY_NSHumanReadableCopyright = "";
				LD_RUNPATH_SEARCH_PATHS = (
					"$(inherited)",
					"@executable_path/../Frameworks",
				);
				MACOSX_DEPLOYMENT_TARGET = 11.3;
				MARKETING_VERSION = 1.0;
				PRODUCT_BUNDLE_IDENTIFIER = asda.Final;
				PRODUCT_NAME = Final;
				SDKROOT = macosx;
				SWIFT_EMIT_LOC_STRINGS = YES;
				SWIFT_VERSION = 5.0;
			};
			name = Debug;
		};
		3C13AAF52BE4739D00E94766 /* Release */ = {
			isa = XCBuildConfiguration;
			buildSettings = {
				ASSETCATALOG_COMPILER_APPICON_NAME = AppIcon;
				ASSETCATALOG_COMPILER_GLOBAL_ACCENT_COLOR_NAME = AccentColor;
				CODE_SIGN_ENTITLEMENTS = macOS/macOS.entitlements;
				CODE_SIGN_STYLE = Automatic;
				COMBINE_HIDPI_IMAGES = YES;
				CURRENT_PROJECT_VERSION = 1;
				DEVELOPMENT_TEAM = GYTCD8X4AU;
				ENABLE_HARDENED_RUNTIME = YES;
				ENABLE_PREVIEWS = YES;
				GENERATE_INFOPLIST_FILE = YES;
				INFOPLIST_KEY_NSHumanReadableCopyright = "";
				LD_RUNPATH_SEARCH_PATHS = (
					"$(inherited)",
					"@executable_path/../Frameworks",
				);
				MACOSX_DEPLOYMENT_TARGET = 11.3;
				MARKETING_VERSION = 1.0;
				PRODUCT_BUNDLE_IDENTIFIER = asda.Final;
				PRODUCT_NAME = Final;
				SDKROOT = macosx;
				SWIFT_EMIT_LOC_STRINGS = YES;
				SWIFT_VERSION = 5.0;
			};
			name = Release;
		};
		3C13AAF72BE4739D00E94766 /* Debug */ = {
			isa = XCBuildConfiguration;
			buildSettings = {
				ALWAYS_EMBED_SWIFT_STANDARD_LIBRARIES = YES;
				CODE_SIGN_STYLE = Automatic;
				CURRENT_PROJECT_VERSION = 1;
				DEVELOPMENT_TEAM = GYTCD8X4AU;
				GENERATE_INFOPLIST_FILE = YES;
				IPHONEOS_DEPLOYMENT_TARGET = 15.2;
				MARKETING_VERSION = 1.0;
				PRODUCT_BUNDLE_IDENTIFIER = "asda.Tests-iOS";
				PRODUCT_NAME = "$(TARGET_NAME)";
				SDKROOT = iphoneos;
				SWIFT_EMIT_LOC_STRINGS = NO;
				SWIFT_VERSION = 5.0;
				TARGETED_DEVICE_FAMILY = "1,2";
				TEST_TARGET_NAME = "Final (iOS)";
			};
			name = Debug;
		};
		3C13AAF82BE4739D00E94766 /* Release */ = {
			isa = XCBuildConfiguration;
			buildSettings = {
				ALWAYS_EMBED_SWIFT_STANDARD_LIBRARIES = YES;
				CODE_SIGN_STYLE = Automatic;
				CURRENT_PROJECT_VERSION = 1;
				DEVELOPMENT_TEAM = GYTCD8X4AU;
				GENERATE_INFOPLIST_FILE = YES;
				IPHONEOS_DEPLOYMENT_TARGET = 15.2;
				MARKETING_VERSION = 1.0;
				PRODUCT_BUNDLE_IDENTIFIER = "asda.Tests-iOS";
				PRODUCT_NAME = "$(TARGET_NAME)";
				SDKROOT = iphoneos;
				SWIFT_EMIT_LOC_STRINGS = NO;
				SWIFT_VERSION = 5.0;
				TARGETED_DEVICE_FAMILY = "1,2";
				TEST_TARGET_NAME = "Final (iOS)";
				VALIDATE_PRODUCT = YES;
			};
			name = Release;
		};
		3C13AAFA2BE4739D00E94766 /* Debug */ = {
			isa = XCBuildConfiguration;
			buildSettings = {
				ALWAYS_EMBED_SWIFT_STANDARD_LIBRARIES = YES;
				CODE_SIGN_STYLE = Automatic;
				CURRENT_PROJECT_VERSION = 1;
				DEVELOPMENT_TEAM = GYTCD8X4AU;
				GENERATE_INFOPLIST_FILE = YES;
				MACOSX_DEPLOYMENT_TARGET = 11.3;
				MARKETING_VERSION = 1.0;
				PRODUCT_BUNDLE_IDENTIFIER = "asda.Tests-macOS";
				PRODUCT_NAME = "$(TARGET_NAME)";
				SDKROOT = macosx;
				SWIFT_EMIT_LOC_STRINGS = NO;
				SWIFT_VERSION = 5.0;
				TEST_TARGET_NAME = "Final (macOS)";
			};
			name = Debug;
		};
		3C13AAFB2BE4739D00E94766 /* Release */ = {
			isa = XCBuildConfiguration;
			buildSettings = {
				ALWAYS_EMBED_SWIFT_STANDARD_LIBRARIES = YES;
				CODE_SIGN_STYLE = Automatic;
				CURRENT_PROJECT_VERSION = 1;
				DEVELOPMENT_TEAM = GYTCD8X4AU;
				GENERATE_INFOPLIST_FILE = YES;
				MACOSX_DEPLOYMENT_TARGET = 11.3;
				MARKETING_VERSION = 1.0;
				PRODUCT_BUNDLE_IDENTIFIER = "asda.Tests-macOS";
				PRODUCT_NAME = "$(TARGET_NAME)";
				SDKROOT = macosx;
				SWIFT_EMIT_LOC_STRINGS = NO;
				SWIFT_VERSION = 5.0;
				TEST_TARGET_NAME = "Final (macOS)";
			};
			name = Release;
		};
/* End XCBuildConfiguration section */

/* Begin XCConfigurationList section */
		3C13AABE2BE4739B00E94766 /* Build configuration list for PBXProject "Final" */ = {
			isa = XCConfigurationList;
			buildConfigurations = (
				3C13AAEE2BE4739D00E94766 /* Debug */,
				3C13AAEF2BE4739D00E94766 /* Release */,
			);
			defaultConfigurationIsVisible = 0;
			defaultConfigurationName = Release;
		};
		3C13AAF02BE4739D00E94766 /* Build configuration list for PBXNativeTarget "Final (iOS)" */ = {
			isa = XCConfigurationList;
			buildConfigurations = (
				3C13AAF12BE4739D00E94766 /* Debug */,
				3C13AAF22BE4739D00E94766 /* Release */,
			);
			defaultConfigurationIsVisible = 0;
			defaultConfigurationName = Release;
		};
		3C13AAF32BE4739D00E94766 /* Build configuration list for PBXNativeTarget "Final (macOS)" */ = {
			isa = XCConfigurationList;
			buildConfigurations = (
				3C13AAF42BE4739D00E94766 /* Debug */,
				3C13AAF52BE4739D00E94766 /* Release */,
			);
			defaultConfigurationIsVisible = 0;
			defaultConfigurationName = Release;
		};
		3C13AAF62BE4739D00E94766 /* Build configuration list for PBXNativeTarget "Tests iOS" */ = {
			isa = XCConfigurationList;
			buildConfigurations = (
				3C13AAF72BE4739D00E94766 /* Debug */,
				3C13AAF82BE4739D00E94766 /* Release */,
			);
			defaultConfigurationIsVisible = 0;
			defaultConfigurationName = Release;
		};
		3C13AAF92BE4739D00E94766 /* Build configuration list for PBXNativeTarget "Tests macOS" */ = {
			isa = XCConfigurationList;
			buildConfigurations = (
				3C13AAFA2BE4739D00E94766 /* Debug */,
				3C13AAFB2BE4739D00E94766 /* Release */,
			);
			defaultConfigurationIsVisible = 0;
			defaultConfigurationName = Release;
		};
/* End XCConfigurationList section */
	};
	rootObject = 3C13AABB2BE4739B00E94766 /* Project object */;
}
