// !$*UTF8*$!
{
	archiveVersion = 1;
	classes = {
	};
	objectVersion = 55;
	objects = {

/* Begin PBXBuildFile section */
		3C67D2492BBB6483009E0C14 /* Project_2App.swift in Sources */ = {isa = PBXBuildFile; fileRef = 3C67D2482BBB6483009E0C14 /* Project_2App.swift */; };
		3C67D24D2BBB6487009E0C14 /* Assets.xcassets in Resources */ = {isa = PBXBuildFile; fileRef = 3C67D24C2BBB6487009E0C14 /* Assets.xcassets */; };
		3C67D2502BBB6487009E0C14 /* Preview Assets.xcassets in Resources */ = {isa = PBXBuildFile; fileRef = 3C67D24F2BBB6487009E0C14 /* Preview Assets.xcassets */; };
		3C67D25A2BBB6487009E0C14 /* Project_2Tests.swift in Sources */ = {isa = PBXBuildFile; fileRef = 3C67D2592BBB6487009E0C14 /* Project_2Tests.swift */; };
		3C67D2642BBB6487009E0C14 /* Project_2UITests.swift in Sources */ = {isa = PBXBuildFile; fileRef = 3C67D2632BBB6487009E0C14 /* Project_2UITests.swift */; };
		3C67D2662BBB6487009E0C14 /* Project_2UITestsLaunchTests.swift in Sources */ = {isa = PBXBuildFile; fileRef = 3C67D2652BBB6487009E0C14 /* Project_2UITestsLaunchTests.swift */; };
		3C67D2732BBB6552009E0C14 /* Restaurant.swift in Sources */ = {isa = PBXBuildFile; fileRef = 3C67D2722BBB6552009E0C14 /* Restaurant.swift */; };
		3C67D2752BBB65DD009E0C14 /* AddRestaurantView.swift in Sources */ = {isa = PBXBuildFile; fileRef = 3C67D2742BBB65DD009E0C14 /* AddRestaurantView.swift */; };
		3C67D2772BBB6609009E0C14 /* RestaurantsListView.swift in Sources */ = {isa = PBXBuildFile; fileRef = 3C67D2762BBB6609009E0C14 /* RestaurantsListView.swift */; };
		3C67D2792BBB6633009E0C14 /* RestaurantDetailView.swift in Sources */ = {isa = PBXBuildFile; fileRef = 3C67D2782BBB6633009E0C14 /* RestaurantDetailView.swift */; };
/* End PBXBuildFile section */

/* Begin PBXContainerItemProxy section */
		3C67D2562BBB6487009E0C14 /* PBXContainerItemProxy */ = {
			isa = PBXContainerItemProxy;
			containerPortal = 3C67D23D2BBB6483009E0C14 /* Project object */;
			proxyType = 1;
			remoteGlobalIDString = 3C67D2442BBB6483009E0C14;
			remoteInfo = "Project#2";
		};
		3C67D2602BBB6487009E0C14 /* PBXContainerItemProxy */ = {
			isa = PBXContainerItemProxy;
			containerPortal = 3C67D23D2BBB6483009E0C14 /* Project object */;
			proxyType = 1;
			remoteGlobalIDString = 3C67D2442BBB6483009E0C14;
			remoteInfo = "Project#2";
		};
/* End PBXContainerItemProxy section */

/* Begin PBXFileReference section */
		3C67D2452BBB6483009E0C14 /* Project#2.app */ = {isa = PBXFileReference; explicitFileType = wrapper.application; includeInIndex = 0; path = "Project#2.app"; sourceTree = BUILT_PRODUCTS_DIR; };
		3C67D2482BBB6483009E0C14 /* Project_2App.swift */ = {isa = PBXFileReference; lastKnownFileType = sourcecode.swift; path = Project_2App.swift; sourceTree = "<group>"; };
		3C67D24C2BBB6487009E0C14 /* Assets.xcassets */ = {isa = PBXFileReference; lastKnownFileType = folder.assetcatalog; path = Assets.xcassets; sourceTree = "<group>"; };
		3C67D24F2BBB6487009E0C14 /* Preview Assets.xcassets */ = {isa = PBXFileReference; lastKnownFileType = folder.assetcatalog; path = "Preview Assets.xcassets"; sourceTree = "<group>"; };
		3C67D2552BBB6487009E0C14 /* Project#2Tests.xctest */ = {isa = PBXFileReference; explicitFileType = wrapper.cfbundle; includeInIndex = 0; path = "Project#2Tests.xctest"; sourceTree = BUILT_PRODUCTS_DIR; };
		3C67D2592BBB6487009E0C14 /* Project_2Tests.swift */ = {isa = PBXFileReference; lastKnownFileType = sourcecode.swift; path = Project_2Tests.swift; sourceTree = "<group>"; };
		3C67D25F2BBB6487009E0C14 /* Project#2UITests.xctest */ = {isa = PBXFileReference; explicitFileType = wrapper.cfbundle; includeInIndex = 0; path = "Project#2UITests.xctest"; sourceTree = BUILT_PRODUCTS_DIR; };
		3C67D2632BBB6487009E0C14 /* Project_2UITests.swift */ = {isa = PBXFileReference; lastKnownFileType = sourcecode.swift; path = Project_2UITests.swift; sourceTree = "<group>"; };
		3C67D2652BBB6487009E0C14 /* Project_2UITestsLaunchTests.swift */ = {isa = PBXFileReference; lastKnownFileType = sourcecode.swift; path = Project_2UITestsLaunchTests.swift; sourceTree = "<group>"; };
		3C67D2722BBB6552009E0C14 /* Restaurant.swift */ = {isa = PBXFileReference; lastKnownFileType = sourcecode.swift; path = Restaurant.swift; sourceTree = "<group>"; };
		3C67D2742BBB65DD009E0C14 /* AddRestaurantView.swift */ = {isa = PBXFileReference; lastKnownFileType = sourcecode.swift; path = AddRestaurantView.swift; sourceTree = "<group>"; };
		3C67D2762BBB6609009E0C14 /* RestaurantsListView.swift */ = {isa = PBXFileReference; lastKnownFileType = sourcecode.swift; path = RestaurantsListView.swift; sourceTree = "<group>"; };
		3C67D2782BBB6633009E0C14 /* RestaurantDetailView.swift */ = {isa = PBXFileReference; lastKnownFileType = sourcecode.swift; path = RestaurantDetailView.swift; sourceTree = "<group>"; };
/* End PBXFileReference section */

/* Begin PBXFrameworksBuildPhase section */
		3C67D2422BBB6483009E0C14 /* Frameworks */ = {
			isa = PBXFrameworksBuildPhase;
			buildActionMask = 2147483647;
			files = (
			);
			runOnlyForDeploymentPostprocessing = 0;
		};
		3C67D2522BBB6487009E0C14 /* Frameworks */ = {
			isa = PBXFrameworksBuildPhase;
			buildActionMask = 2147483647;
			files = (
			);
			runOnlyForDeploymentPostprocessing = 0;
		};
		3C67D25C2BBB6487009E0C14 /* Frameworks */ = {
			isa = PBXFrameworksBuildPhase;
			buildActionMask = 2147483647;
			files = (
			);
			runOnlyForDeploymentPostprocessing = 0;
		};
/* End PBXFrameworksBuildPhase section */

/* Begin PBXGroup section */
		3C67D23C2BBB6483009E0C14 = {
			isa = PBXGroup;
			children = (
				3C67D2472BBB6483009E0C14 /* Project#2 */,
				3C67D2582BBB6487009E0C14 /* Project#2Tests */,
				3C67D2622BBB6487009E0C14 /* Project#2UITests */,
				3C67D2462BBB6483009E0C14 /* Products */,
			);
			sourceTree = "<group>";
		};
		3C67D2462BBB6483009E0C14 /* Products */ = {
			isa = PBXGroup;
			children = (
				3C67D2452BBB6483009E0C14 /* Project#2.app */,
				3C67D2552BBB6487009E0C14 /* Project#2Tests.xctest */,
				3C67D25F2BBB6487009E0C14 /* Project#2UITests.xctest */,
			);
			name = Products;
			sourceTree = "<group>";
		};
		3C67D2472BBB6483009E0C14 /* Project#2 */ = {
			isa = PBXGroup;
			children = (
				3C67D2482BBB6483009E0C14 /* Project_2App.swift */,
				3C67D2722BBB6552009E0C14 /* Restaurant.swift */,
				3C67D2742BBB65DD009E0C14 /* AddRestaurantView.swift */,
				3C67D2762BBB6609009E0C14 /* RestaurantsListView.swift */,
				3C67D2782BBB6633009E0C14 /* RestaurantDetailView.swift */,
				3C67D24C2BBB6487009E0C14 /* Assets.xcassets */,
				3C67D24E2BBB6487009E0C14 /* Preview Content */,
			);
			path = "Project#2";
			sourceTree = "<group>";
		};
		3C67D24E2BBB6487009E0C14 /* Preview Content */ = {
			isa = PBXGroup;
			children = (
				3C67D24F2BBB6487009E0C14 /* Preview Assets.xcassets */,
			);
			path = "Preview Content";
			sourceTree = "<group>";
		};
		3C67D2582BBB6487009E0C14 /* Project#2Tests */ = {
			isa = PBXGroup;
			children = (
				3C67D2592BBB6487009E0C14 /* Project_2Tests.swift */,
			);
			path = "Project#2Tests";
			sourceTree = "<group>";
		};
		3C67D2622BBB6487009E0C14 /* Project#2UITests */ = {
			isa = PBXGroup;
			children = (
				3C67D2632BBB6487009E0C14 /* Project_2UITests.swift */,
				3C67D2652BBB6487009E0C14 /* Project_2UITestsLaunchTests.swift */,
			);
			path = "Project#2UITests";
			sourceTree = "<group>";
		};
/* End PBXGroup section */

/* Begin PBXNativeTarget section */
		3C67D2442BBB6483009E0C14 /* Project#2 */ = {
			isa = PBXNativeTarget;
			buildConfigurationList = 3C67D2692BBB6487009E0C14 /* Build configuration list for PBXNativeTarget "Project#2" */;
			buildPhases = (
				3C67D2412BBB6483009E0C14 /* Sources */,
				3C67D2422BBB6483009E0C14 /* Frameworks */,
				3C67D2432BBB6483009E0C14 /* Resources */,
			);
			buildRules = (
			);
			dependencies = (
			);
			name = "Project#2";
			productName = "Project#2";
			productReference = 3C67D2452BBB6483009E0C14 /* Project#2.app */;
			productType = "com.apple.product-type.application";
		};
		3C67D2542BBB6487009E0C14 /* Project#2Tests */ = {
			isa = PBXNativeTarget;
			buildConfigurationList = 3C67D26C2BBB6487009E0C14 /* Build configuration list for PBXNativeTarget "Project#2Tests" */;
			buildPhases = (
				3C67D2512BBB6487009E0C14 /* Sources */,
				3C67D2522BBB6487009E0C14 /* Frameworks */,
				3C67D2532BBB6487009E0C14 /* Resources */,
			);
			buildRules = (
			);
			dependencies = (
				3C67D2572BBB6487009E0C14 /* PBXTargetDependency */,
			);
			name = "Project#2Tests";
			productName = "Project#2Tests";
			productReference = 3C67D2552BBB6487009E0C14 /* Project#2Tests.xctest */;
			productType = "com.apple.product-type.bundle.unit-test";
		};
		3C67D25E2BBB6487009E0C14 /* Project#2UITests */ = {
			isa = PBXNativeTarget;
			buildConfigurationList = 3C67D26F2BBB6487009E0C14 /* Build configuration list for PBXNativeTarget "Project#2UITests" */;
			buildPhases = (
				3C67D25B2BBB6487009E0C14 /* Sources */,
				3C67D25C2BBB6487009E0C14 /* Frameworks */,
				3C67D25D2BBB6487009E0C14 /* Resources */,
			);
			buildRules = (
			);
			dependencies = (
				3C67D2612BBB6487009E0C14 /* PBXTargetDependency */,
			);
			name = "Project#2UITests";
			productName = "Project#2UITests";
			productReference = 3C67D25F2BBB6487009E0C14 /* Project#2UITests.xctest */;
			productType = "com.apple.product-type.bundle.ui-testing";
		};
/* End PBXNativeTarget section */

/* Begin PBXProject section */
		3C67D23D2BBB6483009E0C14 /* Project object */ = {
			isa = PBXProject;
			attributes = {
				BuildIndependentTargetsInParallel = 1;
				LastSwiftUpdateCheck = 1320;
				LastUpgradeCheck = 1320;
				TargetAttributes = {
					3C67D2442BBB6483009E0C14 = {
						CreatedOnToolsVersion = 13.2.1;
					};
					3C67D2542BBB6487009E0C14 = {
						CreatedOnToolsVersion = 13.2.1;
						TestTargetID = 3C67D2442BBB6483009E0C14;
					};
					3C67D25E2BBB6487009E0C14 = {
						CreatedOnToolsVersion = 13.2.1;
						TestTargetID = 3C67D2442BBB6483009E0C14;
					};
				};
			};
			buildConfigurationList = 3C67D2402BBB6483009E0C14 /* Build configuration list for PBXProject "Project#2" */;
			compatibilityVersion = "Xcode 13.0";
			developmentRegion = en;
			hasScannedForEncodings = 0;
			knownRegions = (
				en,
				Base,
			);
			mainGroup = 3C67D23C2BBB6483009E0C14;
			productRefGroup = 3C67D2462BBB6483009E0C14 /* Products */;
			projectDirPath = "";
			projectRoot = "";
			targets = (
				3C67D2442BBB6483009E0C14 /* Project#2 */,
				3C67D2542BBB6487009E0C14 /* Project#2Tests */,
				3C67D25E2BBB6487009E0C14 /* Project#2UITests */,
			);
		};
/* End PBXProject section */

/* Begin PBXResourcesBuildPhase section */
		3C67D2432BBB6483009E0C14 /* Resources */ = {
			isa = PBXResourcesBuildPhase;
			buildActionMask = 2147483647;
			files = (
				3C67D2502BBB6487009E0C14 /* Preview Assets.xcassets in Resources */,
				3C67D24D2BBB6487009E0C14 /* Assets.xcassets in Resources */,
			);
			runOnlyForDeploymentPostprocessing = 0;
		};
		3C67D2532BBB6487009E0C14 /* Resources */ = {
			isa = PBXResourcesBuildPhase;
			buildActionMask = 2147483647;
			files = (
			);
			runOnlyForDeploymentPostprocessing = 0;
		};
		3C67D25D2BBB6487009E0C14 /* Resources */ = {
			isa = PBXResourcesBuildPhase;
			buildActionMask = 2147483647;
			files = (
			);
			runOnlyForDeploymentPostprocessing = 0;
		};
/* End PBXResourcesBuildPhase section */

/* Begin PBXSourcesBuildPhase section */
		3C67D2412BBB6483009E0C14 /* Sources */ = {
			isa = PBXSourcesBuildPhase;
			buildActionMask = 2147483647;
			files = (
				3C67D2492BBB6483009E0C14 /* Project_2App.swift in Sources */,
				3C67D2792BBB6633009E0C14 /* RestaurantDetailView.swift in Sources */,
				3C67D2732BBB6552009E0C14 /* Restaurant.swift in Sources */,
				3C67D2772BBB6609009E0C14 /* RestaurantsListView.swift in Sources */,
				3C67D2752BBB65DD009E0C14 /* AddRestaurantView.swift in Sources */,
			);
			runOnlyForDeploymentPostprocessing = 0;
		};
		3C67D2512BBB6487009E0C14 /* Sources */ = {
			isa = PBXSourcesBuildPhase;
			buildActionMask = 2147483647;
			files = (
				3C67D25A2BBB6487009E0C14 /* Project_2Tests.swift in Sources */,
			);
			runOnlyForDeploymentPostprocessing = 0;
		};
		3C67D25B2BBB6487009E0C14 /* Sources */ = {
			isa = PBXSourcesBuildPhase;
			buildActionMask = 2147483647;
			files = (
				3C67D2642BBB6487009E0C14 /* Project_2UITests.swift in Sources */,
				3C67D2662BBB6487009E0C14 /* Project_2UITestsLaunchTests.swift in Sources */,
			);
			runOnlyForDeploymentPostprocessing = 0;
		};
/* End PBXSourcesBuildPhase section */

/* Begin PBXTargetDependency section */
		3C67D2572BBB6487009E0C14 /* PBXTargetDependency */ = {
			isa = PBXTargetDependency;
			target = 3C67D2442BBB6483009E0C14 /* Project#2 */;
			targetProxy = 3C67D2562BBB6487009E0C14 /* PBXContainerItemProxy */;
		};
		3C67D2612BBB6487009E0C14 /* PBXTargetDependency */ = {
			isa = PBXTargetDependency;
			target = 3C67D2442BBB6483009E0C14 /* Project#2 */;
			targetProxy = 3C67D2602BBB6487009E0C14 /* PBXContainerItemProxy */;
		};
/* End PBXTargetDependency section */

/* Begin XCBuildConfiguration section */
		3C67D2672BBB6487009E0C14 /* Debug */ = {
			isa = XCBuildConfiguration;
			buildSettings = {
				ALWAYS_SEARCH_USER_PATHS = NO;
				CLANG_ANALYZER_NONNULL = YES;
				CLANG_ANALYZER_NUMBER_OBJECT_CONVERSION = YES_AGGRESSIVE;
				CLANG_CXX_LANGUAGE_STANDARD = "gnu++17";
				CLANG_CXX_LIBRARY = "libc++";
				CLANG_ENABLE_MODULES = YES;
				CLANG_ENABLE_OBJC_ARC = YES;
				CLANG_ENABLE_OBJC_WEAK = YES;
				CLANG_WARN_BLOCK_CAPTURE_AUTORELEASING = YES;
				CLANG_WARN_BOOL_CONVERSION = YES;
				CLANG_WARN_COMMA = YES;
				CLANG_WARN_CONSTANT_CONVERSION = YES;
				CLANG_WARN_DEPRECATED_OBJC_IMPLEMENTATIONS = YES;
				CLANG_WARN_DIRECT_OBJC_ISA_USAGE = YES_ERROR;
				CLANG_WARN_DOCUMENTATION_COMMENTS = YES;
				CLANG_WARN_EMPTY_BODY = YES;
				CLANG_WARN_ENUM_CONVERSION = YES;
				CLANG_WARN_INFINITE_RECURSION = YES;
				CLANG_WARN_INT_CONVERSION = YES;
				CLANG_WARN_NON_LITERAL_NULL_CONVERSION = YES;
				CLANG_WARN_OBJC_IMPLICIT_RETAIN_SELF = YES;
				CLANG_WARN_OBJC_LITERAL_CONVERSION = YES;
				CLANG_WARN_OBJC_ROOT_CLASS = YES_ERROR;
				CLANG_WARN_QUOTED_INCLUDE_IN_FRAMEWORK_HEADER = YES;
				CLANG_WARN_RANGE_LOOP_ANALYSIS = YES;
				CLANG_WARN_STRICT_PROTOTYPES = YES;
				CLANG_WARN_SUSPICIOUS_MOVE = YES;
				CLANG_WARN_UNGUARDED_AVAILABILITY = YES_AGGRESSIVE;
				CLANG_WARN_UNREACHABLE_CODE = YES;
				CLANG_WARN__DUPLICATE_METHOD_MATCH = YES;
				COPY_PHASE_STRIP = NO;
				DEBUG_INFORMATION_FORMAT = dwarf;
				ENABLE_STRICT_OBJC_MSGSEND = YES;
				ENABLE_TESTABILITY = YES;
				GCC_C_LANGUAGE_STANDARD = gnu11;
				GCC_DYNAMIC_NO_PIC = NO;
				GCC_NO_COMMON_BLOCKS = YES;
				GCC_OPTIMIZATION_LEVEL = 0;
				GCC_PREPROCESSOR_DEFINITIONS = (
					"DEBUG=1",
					"$(inherited)",
				);
				GCC_WARN_64_TO_32_BIT_CONVERSION = YES;
				GCC_WARN_ABOUT_RETURN_TYPE = YES_ERROR;
				GCC_WARN_UNDECLARED_SELECTOR = YES;
				GCC_WARN_UNINITIALIZED_AUTOS = YES_AGGRESSIVE;
				GCC_WARN_UNUSED_FUNCTION = YES;
				GCC_WARN_UNUSED_VARIABLE = YES;
				IPHONEOS_DEPLOYMENT_TARGET = 15.2;
				MTL_ENABLE_DEBUG_INFO = INCLUDE_SOURCE;
				MTL_FAST_MATH = YES;
				ONLY_ACTIVE_ARCH = YES;
				SDKROOT = iphoneos;
				SWIFT_ACTIVE_COMPILATION_CONDITIONS = DEBUG;
				SWIFT_OPTIMIZATION_LEVEL = "-Onone";
			};
			name = Debug;
		};
		3C67D2682BBB6487009E0C14 /* Release */ = {
			isa = XCBuildConfiguration;
			buildSettings = {
				ALWAYS_SEARCH_USER_PATHS = NO;
				CLANG_ANALYZER_NONNULL = YES;
				CLANG_ANALYZER_NUMBER_OBJECT_CONVERSION = YES_AGGRESSIVE;
				CLANG_CXX_LANGUAGE_STANDARD = "gnu++17";
				CLANG_CXX_LIBRARY = "libc++";
				CLANG_ENABLE_MODULES = YES;
				CLANG_ENABLE_OBJC_ARC = YES;
				CLANG_ENABLE_OBJC_WEAK = YES;
				CLANG_WARN_BLOCK_CAPTURE_AUTORELEASING = YES;
				CLANG_WARN_BOOL_CONVERSION = YES;
				CLANG_WARN_COMMA = YES;
				CLANG_WARN_CONSTANT_CONVERSION = YES;
				CLANG_WARN_DEPRECATED_OBJC_IMPLEMENTATIONS = YES;
				CLANG_WARN_DIRECT_OBJC_ISA_USAGE = YES_ERROR;
				CLANG_WARN_DOCUMENTATION_COMMENTS = YES;
				CLANG_WARN_EMPTY_BODY = YES;
				CLANG_WARN_ENUM_CONVERSION = YES;
				CLANG_WARN_INFINITE_RECURSION = YES;
				CLANG_WARN_INT_CONVERSION = YES;
				CLANG_WARN_NON_LITERAL_NULL_CONVERSION = YES;
				CLANG_WARN_OBJC_IMPLICIT_RETAIN_SELF = YES;
				CLANG_WARN_OBJC_LITERAL_CONVERSION = YES;
				CLANG_WARN_OBJC_ROOT_CLASS = YES_ERROR;
				CLANG_WARN_QUOTED_INCLUDE_IN_FRAMEWORK_HEADER = YES;
				CLANG_WARN_RANGE_LOOP_ANALYSIS = YES;
				CLANG_WARN_STRICT_PROTOTYPES = YES;
				CLANG_WARN_SUSPICIOUS_MOVE = YES;
				CLANG_WARN_UNGUARDED_AVAILABILITY = YES_AGGRESSIVE;
				CLANG_WARN_UNREACHABLE_CODE = YES;
				CLANG_WARN__DUPLICATE_METHOD_MATCH = YES;
				COPY_PHASE_STRIP = NO;
				DEBUG_INFORMATION_FORMAT = "dwarf-with-dsym";
				ENABLE_NS_ASSERTIONS = NO;
				ENABLE_STRICT_OBJC_MSGSEND = YES;
				GCC_C_LANGUAGE_STANDARD = gnu11;
				GCC_NO_COMMON_BLOCKS = YES;
				GCC_WARN_64_TO_32_BIT_CONVERSION = YES;
				GCC_WARN_ABOUT_RETURN_TYPE = YES_ERROR;
				GCC_WARN_UNDECLARED_SELECTOR = YES;
				GCC_WARN_UNINITIALIZED_AUTOS = YES_AGGRESSIVE;
				GCC_WARN_UNUSED_FUNCTION = YES;
				GCC_WARN_UNUSED_VARIABLE = YES;
				IPHONEOS_DEPLOYMENT_TARGET = 15.2;
				MTL_ENABLE_DEBUG_INFO = NO;
				MTL_FAST_MATH = YES;
				SDKROOT = iphoneos;
				SWIFT_COMPILATION_MODE = wholemodule;
				SWIFT_OPTIMIZATION_LEVEL = "-O";
				VALIDATE_PRODUCT = YES;
			};
			name = Release;
		};
		3C67D26A2BBB6487009E0C14 /* Debug */ = {
			isa = XCBuildConfiguration;
			buildSettings = {
				ASSETCATALOG_COMPILER_APPICON_NAME = AppIcon;
				ASSETCATALOG_COMPILER_GLOBAL_ACCENT_COLOR_NAME = AccentColor;
				CODE_SIGN_STYLE = Automatic;
				CURRENT_PROJECT_VERSION = 1;
				DEVELOPMENT_ASSET_PATHS = "\"Project#2/Preview Content\"";
				DEVELOPMENT_TEAM = GYTCD8X4AU;
				ENABLE_PREVIEWS = YES;
				GENERATE_INFOPLIST_FILE = YES;
				INFOPLIST_KEY_UIApplicationSceneManifest_Generation = YES;
				INFOPLIST_KEY_UIApplicationSupportsIndirectInputEvents = YES;
				INFOPLIST_KEY_UILaunchScreen_Generation = YES;
				INFOPLIST_KEY_UISupportedInterfaceOrientations_iPad = "UIInterfaceOrientationPortrait UIInterfaceOrientationPortraitUpsideDown UIInterfaceOrientationLandscapeLeft UIInterfaceOrientationLandscapeRight";
				INFOPLIST_KEY_UISupportedInterfaceOrientations_iPhone = "UIInterfaceOrientationPortrait UIInterfaceOrientationLandscapeLeft UIInterfaceOrientationLandscapeRight";
				LD_RUNPATH_SEARCH_PATHS = (
					"$(inherited)",
					"@executable_path/Frameworks",
				);
				MARKETING_VERSION = 1.0;
				PRODUCT_BUNDLE_IDENTIFIER = "asda.Project-2";
				PRODUCT_NAME = "$(TARGET_NAME)";
				SWIFT_EMIT_LOC_STRINGS = YES;
				SWIFT_VERSION = 5.0;
				TARGETED_DEVICE_FAMILY = "1,2";
			};
			name = Debug;
		};
		3C67D26B2BBB6487009E0C14 /* Release */ = {
			isa = XCBuildConfiguration;
			buildSettings = {
				ASSETCATALOG_COMPILER_APPICON_NAME = AppIcon;
				ASSETCATALOG_COMPILER_GLOBAL_ACCENT_COLOR_NAME = AccentColor;
				CODE_SIGN_STYLE = Automatic;
				CURRENT_PROJECT_VERSION = 1;
				DEVELOPMENT_ASSET_PATHS = "\"Project#2/Preview Content\"";
				DEVELOPMENT_TEAM = GYTCD8X4AU;
				ENABLE_PREVIEWS = YES;
				GENERATE_INFOPLIST_FILE = YES;
				INFOPLIST_KEY_UIApplicationSceneManifest_Generation = YES;
				INFOPLIST_KEY_UIApplicationSupportsIndirectInputEvents = YES;
				INFOPLIST_KEY_UILaunchScreen_Generation = YES;
				INFOPLIST_KEY_UISupportedInterfaceOrientations_iPad = "UIInterfaceOrientationPortrait UIInterfaceOrientationPortraitUpsideDown UIInterfaceOrientationLandscapeLeft UIInterfaceOrientationLandscapeRight";
				INFOPLIST_KEY_UISupportedInterfaceOrientations_iPhone = "UIInterfaceOrientationPortrait UIInterfaceOrientationLandscapeLeft UIInterfaceOrientationLandscapeRight";
				LD_RUNPATH_SEARCH_PATHS = (
					"$(inherited)",
					"@executable_path/Frameworks",
				);
				MARKETING_VERSION = 1.0;
				PRODUCT_BUNDLE_IDENTIFIER = "asda.Project-2";
				PRODUCT_NAME = "$(TARGET_NAME)";
				SWIFT_EMIT_LOC_STRINGS = YES;
				SWIFT_VERSION = 5.0;
				TARGETED_DEVICE_FAMILY = "1,2";
			};
			name = Release;
		};
		3C67D26D2BBB6487009E0C14 /* Debug */ = {
			isa = XCBuildConfiguration;
			buildSettings = {
				ALWAYS_EMBED_SWIFT_STANDARD_LIBRARIES = YES;
				BUNDLE_LOADER = "$(TEST_HOST)";
				CODE_SIGN_STYLE = Automatic;
				CURRENT_PROJECT_VERSION = 1;
				DEVELOPMENT_TEAM = GYTCD8X4AU;
				GENERATE_INFOPLIST_FILE = YES;
				IPHONEOS_DEPLOYMENT_TARGET = 15.2;
				MARKETING_VERSION = 1.0;
				PRODUCT_BUNDLE_IDENTIFIER = "asda.Project-2Tests";
				PRODUCT_NAME = "$(TARGET_NAME)";
				SWIFT_EMIT_LOC_STRINGS = NO;
				SWIFT_VERSION = 5.0;
				TARGETED_DEVICE_FAMILY = "1,2";
				TEST_HOST = "$(BUILT_PRODUCTS_DIR)/Project#2.app/Project#2";
			};
			name = Debug;
		};
		3C67D26E2BBB6487009E0C14 /* Release */ = {
			isa = XCBuildConfiguration;
			buildSettings = {
				ALWAYS_EMBED_SWIFT_STANDARD_LIBRARIES = YES;
				BUNDLE_LOADER = "$(TEST_HOST)";
				CODE_SIGN_STYLE = Automatic;
				CURRENT_PROJECT_VERSION = 1;
				DEVELOPMENT_TEAM = GYTCD8X4AU;
				GENERATE_INFOPLIST_FILE = YES;
				IPHONEOS_DEPLOYMENT_TARGET = 15.2;
				MARKETING_VERSION = 1.0;
				PRODUCT_BUNDLE_IDENTIFIER = "asda.Project-2Tests";
				PRODUCT_NAME = "$(TARGET_NAME)";
				SWIFT_EMIT_LOC_STRINGS = NO;
				SWIFT_VERSION = 5.0;
				TARGETED_DEVICE_FAMILY = "1,2";
				TEST_HOST = "$(BUILT_PRODUCTS_DIR)/Project#2.app/Project#2";
			};
			name = Release;
		};
		3C67D2702BBB6487009E0C14 /* Debug */ = {
			isa = XCBuildConfiguration;
			buildSettings = {
				ALWAYS_EMBED_SWIFT_STANDARD_LIBRARIES = YES;
				CODE_SIGN_STYLE = Automatic;
				CURRENT_PROJECT_VERSION = 1;
				DEVELOPMENT_TEAM = GYTCD8X4AU;
				GENERATE_INFOPLIST_FILE = YES;
				MARKETING_VERSION = 1.0;
				PRODUCT_BUNDLE_IDENTIFIER = "asda.Project-2UITests";
				PRODUCT_NAME = "$(TARGET_NAME)";
				SWIFT_EMIT_LOC_STRINGS = NO;
				SWIFT_VERSION = 5.0;
				TARGETED_DEVICE_FAMILY = "1,2";
				TEST_TARGET_NAME = "Project#2";
			};
			name = Debug;
		};
		3C67D2712BBB6487009E0C14 /* Release */ = {
			isa = XCBuildConfiguration;
			buildSettings = {
				ALWAYS_EMBED_SWIFT_STANDARD_LIBRARIES = YES;
				CODE_SIGN_STYLE = Automatic;
				CURRENT_PROJECT_VERSION = 1;
				DEVELOPMENT_TEAM = GYTCD8X4AU;
				GENERATE_INFOPLIST_FILE = YES;
				MARKETING_VERSION = 1.0;
				PRODUCT_BUNDLE_IDENTIFIER = "asda.Project-2UITests";
				PRODUCT_NAME = "$(TARGET_NAME)";
				SWIFT_EMIT_LOC_STRINGS = NO;
				SWIFT_VERSION = 5.0;
				TARGETED_DEVICE_FAMILY = "1,2";
				TEST_TARGET_NAME = "Project#2";
			};
			name = Release;
		};
/* End XCBuildConfiguration section */

/* Begin XCConfigurationList section */
		3C67D2402BBB6483009E0C14 /* Build configuration list for PBXProject "Project#2" */ = {
			isa = XCConfigurationList;
			buildConfigurations = (
				3C67D2672BBB6487009E0C14 /* Debug */,
				3C67D2682BBB6487009E0C14 /* Release */,
			);
			defaultConfigurationIsVisible = 0;
			defaultConfigurationName = Release;
		};
		3C67D2692BBB6487009E0C14 /* Build configuration list for PBXNativeTarget "Project#2" */ = {
			isa = XCConfigurationList;
			buildConfigurations = (
				3C67D26A2BBB6487009E0C14 /* Debug */,
				3C67D26B2BBB6487009E0C14 /* Release */,
			);
			defaultConfigurationIsVisible = 0;
			defaultConfigurationName = Release;
		};
		3C67D26C2BBB6487009E0C14 /* Build configuration list for PBXNativeTarget "Project#2Tests" */ = {
			isa = XCConfigurationList;
			buildConfigurations = (
				3C67D26D2BBB6487009E0C14 /* Debug */,
				3C67D26E2BBB6487009E0C14 /* Release */,
			);
			defaultConfigurationIsVisible = 0;
			defaultConfigurationName = Release;
		};
		3C67D26F2BBB6487009E0C14 /* Build configuration list for PBXNativeTarget "Project#2UITests" */ = {
			isa = XCConfigurationList;
			buildConfigurations = (
				3C67D2702BBB6487009E0C14 /* Debug */,
				3C67D2712BBB6487009E0C14 /* Release */,
			);
			defaultConfigurationIsVisible = 0;
			defaultConfigurationName = Release;
		};
/* End XCConfigurationList section */
	};
	rootObject = 3C67D23D2BBB6483009E0C14 /* Project object */;
}
